
Microsoft Visual Studio Solution File, Format Version 12.00
# Visual Studio Version 16
VisualStudioVersion = 16.0.30413.136
MinimumVisualStudioVersion = 10.0.40219.1
Project("{8BC9CEB8-8B4A-11D0-8D11-00A0C91BC942}") = "myDll", "myDll.vcxproj", "{EEE4FDC0-5038-4546-BFF4-5B136A6CD533}"
EndProject
Global
	GlobalSection(SolutionConfigurationPlatforms) = preSolution
		Debug|x64 = Debug|x64
		Debug|x86 = Debug|x86
		Release|x64 = Release|x64
		Release|x86 = Release|x86
	EndGlobalSection
	GlobalSection(ProjectConfigurationPlatforms) = postSolution
		{EEE4FDC0-5038-4546-BFF4-5B136A6CD533}.Debug|x64.ActiveCfg = Debug|x64
		{EEE4FDC0-5038-4546-BFF4-5B136A6CD533}.Debug|x64.Build.0 = Debug|x64
		{EEE4FDC0-5038-4546-BFF4-5B136A6CD533}.Debug|x86.ActiveCfg = Debug|Win32
		{EEE4FDC0-5038-4546-BFF4-5B136A6CD533}.Debug|x86.Build.0 = Debug|Win32
		{EEE4FDC0-5038-4546-BFF4-5B136A6CD533}.Release|x64.ActiveCfg = Release|x64
		{EEE4FDC0-5038-4546-BFF4-5B136A6CD533}.Release|x64.Build.0 = Release|x64
		{EEE4FDC0-5038-4546-BFF4-5B136A6CD533}.Release|x86.ActiveCfg = Release|Win32
		{EEE4FDC0-5038-4546-BFF4-5B136A6CD533}.Release|x86.Build.0 = Release|Win32
	EndGlobalSection
	GlobalSection(SolutionProperties) = preSolution
		HideSolutionNode = FALSE
	EndGlobalSection
	GlobalSection(ExtensibilityGlobals) = postSolution
		SolutionGuid = {8A8621B4-1A70-4B9B-A55A-4CB7C8E9A96F}
	EndGlobalSection
EndGlobal
